
Microsoft Visual Studio Solution File, Format Version 12.00
# Visual Studio Version 17
VisualStudioVersion = 17.9.34607.119
MinimumVisualStudioVersion = 10.0.40219.1
Project("{FAE04EC0-301F-11D3-BF4B-00C04F79EFBC}") = "ParcelToGo.Coding.Exercise", "ParcelToGo.Coding.Exercise\ParcelToGo.Coding.Exercise.csproj", "{2AD78C80-299C-4400-86BB-24661A194A64}"
EndProject
Project("{FAE04EC0-301F-11D3-BF4B-00C04F79EFBC}") = "ParcelToGo.Coding.Exercise.Tests", "ParcelToGo.Coding.Exercise.Tests\ParcelToGo.Coding.Exercise.Tests.csproj", "{A190CD5E-0F89-4338-A845-A3CC0273874C}"
EndProject
Global
	GlobalSection(SolutionConfigurationPlatforms) = preSolution
		Debug|Any CPU = Debug|Any CPU
		Release|Any CPU = Release|Any CPU
	EndGlobalSection
	GlobalSection(ProjectConfigurationPlatforms) = postSolution
		{2AD78C80-299C-4400-86BB-24661A194A64}.Debug|Any CPU.ActiveCfg = Debug|Any CPU
		{2AD78C80-299C-4400-86BB-24661A194A64}.Debug|Any CPU.Build.0 = Debug|Any CPU
		{2AD78C80-299C-4400-86BB-24661A194A64}.Release|Any CPU.ActiveCfg = Release|Any CPU
		{2AD78C80-299C-4400-86BB-24661A194A64}.Release|Any CPU.Build.0 = Release|Any CPU
		{A190CD5E-0F89-4338-A845-A3CC0273874C}.Debug|Any CPU.ActiveCfg = Debug|Any CPU
		{A190CD5E-0F89-4338-A845-A3CC0273874C}.Debug|Any CPU.Build.0 = Debug|Any CPU
		{A190CD5E-0F89-4338-A845-A3CC0273874C}.Release|Any CPU.ActiveCfg = Release|Any CPU
		{A190CD5E-0F89-4338-A845-A3CC0273874C}.Release|Any CPU.Build.0 = Release|Any CPU
	EndGlobalSection
	GlobalSection(SolutionProperties) = preSolution
		HideSolutionNode = FALSE
	EndGlobalSection
	GlobalSection(ExtensibilityGlobals) = postSolution
		SolutionGuid = {3B694DDA-51B7-48C8-A7A0-745C6C7A40DE}
	EndGlobalSection
EndGlobal
